
Microsoft Visual Studio Solution File, Format Version 12.00
# Visual Studio Version 17
VisualStudioVersion = 17.6.33723.286
MinimumVisualStudioVersion = 10.0.40219.1
Project("{FAE04EC0-301F-11D3-BF4B-00C04F79EFBC}") = "cleanhemsidegeneratorn", "cleanhemsidegeneratorn.csproj", "{0ADBF698-9A7D-4E24-B4A8-3AE58AF54CB6}"
EndProject
Global
	GlobalSection(SolutionConfigurationPlatforms) = preSolution
		Debug|Any CPU = Debug|Any CPU
		Release|Any CPU = Release|Any CPU
	EndGlobalSection
	GlobalSection(ProjectConfigurationPlatforms) = postSolution
		{0ADBF698-9A7D-4E24-B4A8-3AE58AF54CB6}.Debug|Any CPU.ActiveCfg = Debug|Any CPU
		{0ADBF698-9A7D-4E24-B4A8-3AE58AF54CB6}.Debug|Any CPU.Build.0 = Debug|Any CPU
		{0ADBF698-9A7D-4E24-B4A8-3AE58AF54CB6}.Release|Any CPU.ActiveCfg = Release|Any CPU
		{0ADBF698-9A7D-4E24-B4A8-3AE58AF54CB6}.Release|Any CPU.Build.0 = Release|Any CPU
	EndGlobalSection
	GlobalSection(SolutionProperties) = preSolution
		HideSolutionNode = FALSE
	EndGlobalSection
	GlobalSection(ExtensibilityGlobals) = postSolution
		SolutionGuid = {FDD785AF-1E74-4FC9-ABCD-A3EAC9673FC5}
	EndGlobalSection
EndGlobal
